# This is a Gradle generated file for dependency locking.
# Manual edits can break the build and are not advised.
# This file is expected to be part of source control.
com.github.ben-manes.versions:com.github.ben-manes.versions.gradle.plugin:0.49.0=classpath
com.github.ben-manes:gradle-versions-plugin:0.49.0=classpath
com.github.johnrengelman.shadow:com.github.johnrengelman.shadow.gradle.plugin:8.1.1=classpath
com.github.johnrengelman:shadow:8.1.1=classpath
com.gorylenko.gradle-git-properties:com.gorylenko.gradle-git-properties.gradle.plugin:2.4.1=classpath
com.gorylenko.gradle-git-properties:gradle-git-properties:2.4.1=classpath
com.squareup.moshi:moshi-kotlin:1.12.0=classpath
com.squareup.moshi:moshi:1.12.0=classpath
com.squareup.okhttp3:okhttp:4.11.0=classpath
com.squareup.okio:okio-jvm:3.2.0=classpath
com.squareup.okio:okio:3.2.0=classpath
commons-io:commons-io:2.11.0=classpath
org.apache.ant:ant-launcher:1.10.13=classpath
org.apache.ant:ant:1.10.13=classpath
org.apache.logging.log4j:log4j-api:2.20.0=classpath
org.apache.logging.log4j:log4j-core:2.20.0=classpath
org.codehaus.plexus:plexus-utils:3.5.1=classpath
org.jdom:jdom2:2.0.6.1=classpath
org.jetbrains.kotlin:kotlin-reflect:1.8.20=classpath
org.jetbrains.kotlin:kotlin-stdlib-common:1.8.21=classpath
org.jetbrains.kotlin:kotlin-stdlib-jdk7:1.8.21=classpath
org.jetbrains.kotlin:kotlin-stdlib-jdk8:1.8.21=classpath
org.jetbrains.kotlin:kotlin-stdlib:1.8.21=classpath
org.jetbrains:annotations:13.0=classpath
org.ow2.asm:asm-commons:9.4=classpath
org.ow2.asm:asm-tree:9.4=classpath
org.ow2.asm:asm:9.4=classpath
org.vafer:jdependency:2.8.0=classpath
empty=
