# This is a Gradle generated file for dependency locking.
# Manual edits can break the build and are not advised.
# This file is expected to be part of source control.
ch.qos.logback:logback-classic:1.4.14=compileClasspath,productionRuntimeClasspath,runtimeClasspath,testCompileClasspath,testRuntimeClasspath
ch.qos.logback:logback-core:1.4.14=compileClasspath,productionRuntimeClasspath,runtimeClasspath,testCompileClasspath,testRuntimeClasspath
club.minnced:opus-java-api:1.1.1=compileClasspath,productionRuntimeClasspath,runtimeClasspath,testCompileClasspath,testRuntimeClasspath
club.minnced:opus-java-natives:1.1.1=compileClasspath,productionRuntimeClasspath,runtimeClasspath,testCompileClasspath,testRuntimeClasspath
club.minnced:opus-java:1.1.1=compileClasspath,productionRuntimeClasspath,runtimeClasspath,testCompileClasspath,testRuntimeClasspath
com.fasterxml.jackson.core:jackson-annotations:2.16.0=productionRuntimeClasspath,runtimeClasspath,testRuntimeClasspath
com.fasterxml.jackson.core:jackson-core:2.16.0=productionRuntimeClasspath,runtimeClasspath,testRuntimeClasspath
com.fasterxml.jackson.core:jackson-databind:2.16.0=productionRuntimeClasspath,runtimeClasspath,testRuntimeClasspath
com.fasterxml.jackson:jackson-bom:2.16.0=productionRuntimeClasspath,runtimeClasspath,testRuntimeClasspath
com.fasterxml:classmate:1.6.0=productionRuntimeClasspath,runtimeClasspath,testRuntimeClasspath
com.github.ben-manes.caffeine:caffeine:3.1.8=compileClasspath,productionRuntimeClasspath,runtimeClasspath,testCompileClasspath,testRuntimeClasspath
com.google.code.findbugs:jsr305:3.0.2=compileClasspath
com.google.errorprone:error_prone_annotations:2.21.1=compileClasspath,productionRuntimeClasspath,runtimeClasspath,testCompileClasspath,testRuntimeClasspath
com.neovisionaries:nv-websocket-client:2.14=compileClasspath,productionRuntimeClasspath,runtimeClasspath,testCompileClasspath,testRuntimeClasspath
com.squareup.okhttp3:okhttp:4.12.0=compileClasspath,productionRuntimeClasspath,runtimeClasspath,testCompileClasspath,testRuntimeClasspath
com.squareup.okio:okio-jvm:3.6.0=compileClasspath,productionRuntimeClasspath,runtimeClasspath,testCompileClasspath,testRuntimeClasspath
com.squareup.okio:okio:3.6.0=compileClasspath,productionRuntimeClasspath,runtimeClasspath,testCompileClasspath,testRuntimeClasspath
com.sun.istack:istack-commons-runtime:4.1.2=productionRuntimeClasspath,runtimeClasspath,testRuntimeClasspath
com.zaxxer:HikariCP:5.0.1=compileClasspath,productionRuntimeClasspath,runtimeClasspath,testCompileClasspath,testRuntimeClasspath
io.micrometer:micrometer-commons:1.12.1=compileClasspath,productionRuntimeClasspath,runtimeClasspath,testCompileClasspath,testRuntimeClasspath
io.micrometer:micrometer-observation:1.12.1=compileClasspath,productionRuntimeClasspath,runtimeClasspath,testCompileClasspath,testRuntimeClasspath
io.sentry:sentry-logback:7.2.0=compileClasspath,productionRuntimeClasspath,runtimeClasspath,testCompileClasspath,testRuntimeClasspath
io.sentry:sentry-spring-boot-jakarta:7.2.0=compileClasspath,productionRuntimeClasspath,runtimeClasspath,testCompileClasspath,testRuntimeClasspath
io.sentry:sentry-spring-boot-starter-jakarta:7.2.0=compileClasspath,productionRuntimeClasspath,runtimeClasspath,testCompileClasspath,testRuntimeClasspath
io.sentry:sentry-spring-jakarta:7.2.0=compileClasspath,productionRuntimeClasspath,runtimeClasspath,testCompileClasspath,testRuntimeClasspath
io.sentry:sentry:7.2.0=compileClasspath,productionRuntimeClasspath,runtimeClasspath,testCompileClasspath,testRuntimeClasspath
io.smallrye:jandex:3.1.2=productionRuntimeClasspath,runtimeClasspath,testRuntimeClasspath
jakarta.activation:jakarta.activation-api:2.1.2=productionRuntimeClasspath,runtimeClasspath,testRuntimeClasspath
jakarta.annotation:jakarta.annotation-api:2.1.1=compileClasspath,productionRuntimeClasspath,runtimeClasspath,testCompileClasspath,testRuntimeClasspath
jakarta.inject:jakarta.inject-api:2.0.1=productionRuntimeClasspath,runtimeClasspath,testRuntimeClasspath
jakarta.persistence:jakarta.persistence-api:3.1.0=compileClasspath,productionRuntimeClasspath,runtimeClasspath,testCompileClasspath,testRuntimeClasspath
jakarta.transaction:jakarta.transaction-api:2.0.1=compileClasspath,productionRuntimeClasspath,runtimeClasspath,testCompileClasspath,testRuntimeClasspath
jakarta.xml.bind:jakarta.xml.bind-api:4.0.1=productionRuntimeClasspath,runtimeClasspath,testRuntimeClasspath
net.bytebuddy:byte-buddy:1.14.10=productionRuntimeClasspath,runtimeClasspath,testRuntimeClasspath
net.dv8tion:JDA:5.0.0-beta.19=compileClasspath,productionRuntimeClasspath,runtimeClasspath,testCompileClasspath,testRuntimeClasspath
net.java.dev.jna:jna:4.4.0=productionRuntimeClasspath,runtimeClasspath,testRuntimeClasspath
net.sf.trove4j:trove4j:3.0.3=productionRuntimeClasspath,runtimeClasspath,testRuntimeClasspath
org.antlr:antlr4-runtime:4.13.0=compileClasspath,productionRuntimeClasspath,runtimeClasspath,testCompileClasspath,testRuntimeClasspath
org.apache.commons:commons-collections4:4.4=compileClasspath,productionRuntimeClasspath,runtimeClasspath,testCompileClasspath,testRuntimeClasspath
org.apache.logging.log4j:log4j-api:2.21.1=compileClasspath,productionRuntimeClasspath,runtimeClasspath,testCompileClasspath,testRuntimeClasspath
org.apache.logging.log4j:log4j-to-slf4j:2.21.1=compileClasspath,productionRuntimeClasspath,runtimeClasspath,testCompileClasspath,testRuntimeClasspath
org.aspectj:aspectjweaver:1.9.21=compileClasspath,productionRuntimeClasspath,runtimeClasspath,testCompileClasspath,testRuntimeClasspath
org.checkerframework:checker-qual:3.37.0=compileClasspath,productionRuntimeClasspath,runtimeClasspath,testCompileClasspath,testRuntimeClasspath
org.eclipse.angus:angus-activation:2.0.1=productionRuntimeClasspath,runtimeClasspath,testRuntimeClasspath
org.glassfish.jaxb:jaxb-core:4.0.4=productionRuntimeClasspath,runtimeClasspath,testRuntimeClasspath
org.glassfish.jaxb:jaxb-runtime:4.0.4=productionRuntimeClasspath,runtimeClasspath,testRuntimeClasspath
org.glassfish.jaxb:txw2:4.0.4=productionRuntimeClasspath,runtimeClasspath,testRuntimeClasspath
org.hibernate.common:hibernate-commons-annotations:6.0.6.Final=productionRuntimeClasspath,runtimeClasspath,testRuntimeClasspath
org.hibernate.orm:hibernate-core:6.4.1.Final=compileClasspath,productionRuntimeClasspath,runtimeClasspath,testCompileClasspath,testRuntimeClasspath
org.jboss.logging:jboss-logging:3.5.3.Final=productionRuntimeClasspath,runtimeClasspath,testRuntimeClasspath
org.jetbrains.kotlin:kotlin-stdlib-common:1.9.21=compileClasspath,productionRuntimeClasspath,runtimeClasspath,testCompileClasspath,testRuntimeClasspath
org.jetbrains.kotlin:kotlin-stdlib-jdk7:1.9.21=compileClasspath,productionRuntimeClasspath,runtimeClasspath,testCompileClasspath,testRuntimeClasspath
org.jetbrains.kotlin:kotlin-stdlib-jdk8:1.9.21=compileClasspath,productionRuntimeClasspath,runtimeClasspath,testCompileClasspath,testRuntimeClasspath
org.jetbrains.kotlin:kotlin-stdlib:1.9.21=compileClasspath,productionRuntimeClasspath,runtimeClasspath,testCompileClasspath,testRuntimeClasspath
org.jetbrains:annotations:13.0=compileClasspath,productionRuntimeClasspath,runtimeClasspath,testCompileClasspath,testRuntimeClasspath
org.postgresql:postgresql:42.6.0=productionRuntimeClasspath,runtimeClasspath,testRuntimeClasspath
org.slf4j:jul-to-slf4j:2.0.9=compileClasspath,productionRuntimeClasspath,runtimeClasspath,testCompileClasspath,testRuntimeClasspath
org.slf4j:slf4j-api:2.0.9=compileClasspath,productionRuntimeClasspath,runtimeClasspath,testCompileClasspath,testRuntimeClasspath
org.springframework.boot:spring-boot-autoconfigure:3.2.1=compileClasspath,productionRuntimeClasspath,runtimeClasspath,testCompileClasspath,testRuntimeClasspath
org.springframework.boot:spring-boot-dependencies:3.2.1=compileClasspath,productionRuntimeClasspath,runtimeClasspath,testCompileClasspath,testRuntimeClasspath
org.springframework.boot:spring-boot-starter-aop:3.2.1=compileClasspath,productionRuntimeClasspath,runtimeClasspath,testCompileClasspath,testRuntimeClasspath
org.springframework.boot:spring-boot-starter-data-jpa:3.2.1=compileClasspath,productionRuntimeClasspath,runtimeClasspath,testCompileClasspath,testRuntimeClasspath
org.springframework.boot:spring-boot-starter-jdbc:3.2.1=compileClasspath,productionRuntimeClasspath,runtimeClasspath,testCompileClasspath,testRuntimeClasspath
org.springframework.boot:spring-boot-starter-logging:3.2.1=compileClasspath,productionRuntimeClasspath,runtimeClasspath,testCompileClasspath,testRuntimeClasspath
org.springframework.boot:spring-boot-starter:3.2.1=compileClasspath,productionRuntimeClasspath,runtimeClasspath,testCompileClasspath,testRuntimeClasspath
org.springframework.boot:spring-boot:3.2.1=compileClasspath,productionRuntimeClasspath,runtimeClasspath,testCompileClasspath,testRuntimeClasspath
org.springframework.data:spring-data-commons:3.2.1=compileClasspath,productionRuntimeClasspath,runtimeClasspath,testCompileClasspath,testRuntimeClasspath
org.springframework.data:spring-data-jpa:3.2.1=compileClasspath,productionRuntimeClasspath,runtimeClasspath,testCompileClasspath,testRuntimeClasspath
org.springframework:spring-aop:6.1.2=compileClasspath,productionRuntimeClasspath,runtimeClasspath,testCompileClasspath,testRuntimeClasspath
org.springframework:spring-aspects:6.1.2=compileClasspath,productionRuntimeClasspath,runtimeClasspath,testCompileClasspath,testRuntimeClasspath
org.springframework:spring-beans:6.1.2=compileClasspath,productionRuntimeClasspath,runtimeClasspath,testCompileClasspath,testRuntimeClasspath
org.springframework:spring-context:6.1.2=compileClasspath,productionRuntimeClasspath,runtimeClasspath,testCompileClasspath,testRuntimeClasspath
org.springframework:spring-core:6.1.2=compileClasspath,productionRuntimeClasspath,runtimeClasspath,testCompileClasspath,testRuntimeClasspath
org.springframework:spring-expression:6.1.2=compileClasspath,productionRuntimeClasspath,runtimeClasspath,testCompileClasspath,testRuntimeClasspath
org.springframework:spring-jcl:6.1.2=compileClasspath,productionRuntimeClasspath,runtimeClasspath,testCompileClasspath,testRuntimeClasspath
org.springframework:spring-jdbc:6.1.2=compileClasspath,productionRuntimeClasspath,runtimeClasspath,testCompileClasspath,testRuntimeClasspath
org.springframework:spring-orm:6.1.2=compileClasspath,productionRuntimeClasspath,runtimeClasspath,testCompileClasspath,testRuntimeClasspath
org.springframework:spring-tx:6.1.2=compileClasspath,productionRuntimeClasspath,runtimeClasspath,testCompileClasspath,testRuntimeClasspath
org.yaml:snakeyaml:2.2=compileClasspath,productionRuntimeClasspath,runtimeClasspath,testCompileClasspath,testRuntimeClasspath
empty=annotationProcessor,developmentOnly,testAndDevelopmentOnly,testAnnotationProcessor
