# This is a Gradle generated file for dependency locking.
# Manual edits can break the build and are not advised.
# This file is expected to be part of source control.
antlr:antlr:2.7.7=compileClasspath,default,runtimeClasspath,testCompileClasspath,testRuntimeClasspath
ch.qos.logback:logback-classic:1.2.9=default,runtimeClasspath,testRuntimeClasspath
ch.qos.logback:logback-classic:1.4.6=compileClasspath,testCompileClasspath
ch.qos.logback:logback-core:1.2.9=default,runtimeClasspath,testRuntimeClasspath
ch.qos.logback:logback-core:1.4.6=compileClasspath,testCompileClasspath
club.minnced:opus-java-api:1.1.0=default
club.minnced:opus-java-api:1.1.1=compileClasspath,runtimeClasspath,testCompileClasspath,testRuntimeClasspath
club.minnced:opus-java-natives:1.1.0=default
club.minnced:opus-java-natives:1.1.1=compileClasspath,runtimeClasspath,testCompileClasspath,testRuntimeClasspath
club.minnced:opus-java:1.1.0=default
club.minnced:opus-java:1.1.1=compileClasspath,runtimeClasspath,testCompileClasspath,testRuntimeClasspath
com.fasterxml.jackson.core:jackson-annotations:2.10.1=default
com.fasterxml.jackson.core:jackson-annotations:2.14.1=runtimeClasspath,testRuntimeClasspath
com.fasterxml.jackson.core:jackson-core:2.10.1=default
com.fasterxml.jackson.core:jackson-core:2.14.1=runtimeClasspath,testRuntimeClasspath
com.fasterxml.jackson.core:jackson-databind:2.10.1=default
com.fasterxml.jackson.core:jackson-databind:2.14.1=runtimeClasspath,testRuntimeClasspath
com.fasterxml.jackson:jackson-bom:2.14.1=runtimeClasspath,testRuntimeClasspath
com.fasterxml:classmate:1.5.1=compileClasspath,default,runtimeClasspath,testCompileClasspath,testRuntimeClasspath
com.github.ben-manes.caffeine:caffeine:3.1.2=default
com.github.ben-manes.caffeine:caffeine:3.1.5=compileClasspath,runtimeClasspath,testCompileClasspath,testRuntimeClasspath
com.github.ben-manes.caffeine:jcache:3.1.2=default
com.github.ben-manes.caffeine:jcache:3.1.5=compileClasspath,runtimeClasspath,testCompileClasspath,testRuntimeClasspath
com.google.code.findbugs:jsr305:3.0.2=compileClasspath,default,runtimeClasspath,testCompileClasspath,testRuntimeClasspath
com.google.errorprone:error_prone_annotations:2.16=default
com.google.errorprone:error_prone_annotations:2.18.0=compileClasspath,runtimeClasspath,testCompileClasspath,testRuntimeClasspath
com.google.guava:guava:25.1-jre=compileClasspath,default,runtimeClasspath,testCompileClasspath,testRuntimeClasspath
com.google.j2objc:j2objc-annotations:1.1=compileClasspath,default,runtimeClasspath,testCompileClasspath,testRuntimeClasspath
com.neovisionaries:nv-websocket-client:2.14=compileClasspath,default,runtimeClasspath,testCompileClasspath,testRuntimeClasspath
com.squareup.okhttp3:okhttp:3.14.9=default
com.squareup.okhttp3:okhttp:4.10.0=compileClasspath,runtimeClasspath,testCompileClasspath,testRuntimeClasspath
com.squareup.okio:okio-jvm:3.0.0=compileClasspath,runtimeClasspath,testCompileClasspath,testRuntimeClasspath
com.squareup.okio:okio:1.17.2=default
com.squareup.okio:okio:3.0.0=compileClasspath,runtimeClasspath,testCompileClasspath,testRuntimeClasspath
com.sun.istack:istack-commons-runtime:3.0.7=compileClasspath,default,runtimeClasspath,testCompileClasspath,testRuntimeClasspath
com.sun.xml.fastinfoset:FastInfoset:1.2.15=compileClasspath,default,runtimeClasspath,testCompileClasspath,testRuntimeClasspath
com.typesafe:config:1.4.2=compileClasspath,default,runtimeClasspath,testCompileClasspath,testRuntimeClasspath
com.vladmihalcea:hibernate-types-52:2.2.2=compileClasspath,default,runtimeClasspath,testCompileClasspath,testRuntimeClasspath
com.zaxxer:HikariCP:3.2.0=compileClasspath,default,runtimeClasspath,testCompileClasspath,testRuntimeClasspath
io.sentry:sentry-logback:6.13.0=default
io.sentry:sentry-logback:6.17.0=compileClasspath,runtimeClasspath,testCompileClasspath,testRuntimeClasspath
io.sentry:sentry:6.13.0=default
io.sentry:sentry:6.17.0=compileClasspath,runtimeClasspath,testCompileClasspath,testRuntimeClasspath
javax.activation:javax.activation-api:1.2.0=compileClasspath,default,runtimeClasspath,testCompileClasspath,testRuntimeClasspath
javax.cache:cache-api:1.1.1=compileClasspath,default,runtimeClasspath,testCompileClasspath,testRuntimeClasspath
javax.inject:javax.inject:1=compileClasspath,default,runtimeClasspath,testCompileClasspath,testRuntimeClasspath
javax.persistence:javax.persistence-api:2.2=compileClasspath,default,runtimeClasspath,testCompileClasspath,testRuntimeClasspath
javax.xml.bind:jaxb-api:2.3.1=compileClasspath,default,runtimeClasspath,testCompileClasspath,testRuntimeClasspath
net.bytebuddy:byte-buddy:1.10.17=compileClasspath,default,runtimeClasspath,testCompileClasspath,testRuntimeClasspath
net.dv8tion:JDA:4.4.0_352=default
net.dv8tion:JDA:5.0.0-beta.6=compileClasspath,runtimeClasspath,testCompileClasspath,testRuntimeClasspath
net.java.dev.jna:jna:4.4.0=default,runtimeClasspath,testRuntimeClasspath
net.sf.trove4j:trove4j:3.0.3=default,runtimeClasspath,testRuntimeClasspath
net.ttddyy:datasource-proxy:1.8.1=compileClasspath,default,runtimeClasspath,testCompileClasspath,testRuntimeClasspath
org.apache.commons:commons-collections4:4.1=default
org.apache.commons:commons-collections4:4.4=compileClasspath,runtimeClasspath,testCompileClasspath,testRuntimeClasspath
org.checkerframework:checker-qual:3.27.0=default
org.checkerframework:checker-qual:3.32.0=compileClasspath,runtimeClasspath,testCompileClasspath,testRuntimeClasspath
org.codehaus.mojo:animal-sniffer-annotations:1.14=compileClasspath,default,runtimeClasspath,testCompileClasspath,testRuntimeClasspath
org.dom4j:dom4j:2.1.3=compileClasspath,default,runtimeClasspath,testCompileClasspath,testRuntimeClasspath
org.glassfish.jaxb:jaxb-runtime:2.3.1=compileClasspath,default,runtimeClasspath,testCompileClasspath,testRuntimeClasspath
org.glassfish.jaxb:txw2:2.3.1=compileClasspath,default,runtimeClasspath,testCompileClasspath,testRuntimeClasspath
org.hibernate.common:hibernate-commons-annotations:5.1.2.Final=compileClasspath,default,runtimeClasspath,testCompileClasspath,testRuntimeClasspath
org.hibernate:hibernate-core:5.4.27.Final=compileClasspath,default,runtimeClasspath,testCompileClasspath,testRuntimeClasspath
org.hibernate:hibernate-jcache:5.4.27.Final=compileClasspath,default,runtimeClasspath,testCompileClasspath,testRuntimeClasspath
org.javassist:javassist:3.27.0-GA=compileClasspath,default,runtimeClasspath,testCompileClasspath,testRuntimeClasspath
org.jboss.logging:jboss-logging:3.4.1.Final=compileClasspath,default,runtimeClasspath,testCompileClasspath,testRuntimeClasspath
org.jboss.spec.javax.transaction:jboss-transaction-api_1.2_spec:1.1.1.Final=compileClasspath,default,runtimeClasspath,testCompileClasspath,testRuntimeClasspath
org.jboss:jandex:2.1.3.Final=compileClasspath,default,runtimeClasspath,testCompileClasspath,testRuntimeClasspath
org.jetbrains.kotlin:kotlin-bom:1.7.21=default
org.jetbrains.kotlin:kotlin-stdlib-common:1.6.20=compileClasspath,runtimeClasspath,testCompileClasspath,testRuntimeClasspath
org.jetbrains.kotlin:kotlin-stdlib-jdk7:1.5.31=compileClasspath,runtimeClasspath,testCompileClasspath,testRuntimeClasspath
org.jetbrains.kotlin:kotlin-stdlib-jdk8:1.5.31=compileClasspath,runtimeClasspath,testCompileClasspath,testRuntimeClasspath
org.jetbrains.kotlin:kotlin-stdlib:1.6.20=compileClasspath,runtimeClasspath,testCompileClasspath,testRuntimeClasspath
org.jetbrains:annotations:13.0=compileClasspath,runtimeClasspath,testCompileClasspath,testRuntimeClasspath
org.jetbrains:annotations:16.0.1=default
org.junit:junit-bom:5.9.1=default
org.jvnet.staxex:stax-ex:1.8=compileClasspath,default,runtimeClasspath,testCompileClasspath,testRuntimeClasspath
org.osgi:org.osgi.namespace.extender:1.0.1=compileClasspath,default,runtimeClasspath,testCompileClasspath,testRuntimeClasspath
org.osgi:org.osgi.service.component.annotations:1.5.0=default
org.osgi:org.osgi.service.component.annotations:1.5.1=compileClasspath,runtimeClasspath,testCompileClasspath,testRuntimeClasspath
org.osgi:org.osgi.util.function:1.0.0=compileClasspath,default,runtimeClasspath,testCompileClasspath,testRuntimeClasspath
org.osgi:org.osgi.util.promise:1.0.0=compileClasspath,default,runtimeClasspath,testCompileClasspath,testRuntimeClasspath
org.osgi:osgi.annotation:8.0.1=default
org.osgi:osgi.annotation:8.1.0=compileClasspath,runtimeClasspath,testCompileClasspath,testRuntimeClasspath
org.ow2.asm:asm-bom:9.4=default
org.postgresql:postgresql:42.2.4=compileClasspath,default,runtimeClasspath,testCompileClasspath,testRuntimeClasspath
org.slf4j:slf4j-api:1.7.32=default
org.slf4j:slf4j-api:1.7.36=runtimeClasspath,testRuntimeClasspath
org.slf4j:slf4j-api:2.0.4=compileClasspath,testCompileClasspath
org.yaml:snakeyaml:1.33=default
org.yaml:snakeyaml:2.0=compileClasspath,runtimeClasspath,testCompileClasspath,testRuntimeClasspath
space.npstr.SqlSauce:discord-entities:0.4.3=compileClasspath,default,runtimeClasspath,testCompileClasspath,testRuntimeClasspath
space.npstr.SqlSauce:sqlsauce-core:0.4.3=compileClasspath,default,runtimeClasspath,testCompileClasspath,testRuntimeClasspath
space.npstr:annotations:0.0.2=compileClasspath,default,runtimeClasspath,testCompileClasspath,testRuntimeClasspath
empty=annotationProcessor,archives,compile,compileOnly,runtime,shadow,testAnnotationProcessor,testCompile,testCompileOnly,testRuntime
