# This is a Gradle generated file for dependency locking.
# Manual edits can break the build and are not advised.
# This file is expected to be part of source control.
biz.aQute.bnd:biz.aQute.bnd.annotation:7.1.0=compileClasspath,testCompileClasspath
ch.qos.logback:logback-classic:1.5.25=compileClasspath,productionRuntimeClasspath,runtimeClasspath,testCompileClasspath,testRuntimeClasspath
ch.qos.logback:logback-core:1.5.25=compileClasspath,productionRuntimeClasspath,runtimeClasspath,testCompileClasspath,testRuntimeClasspath
club.minnced:opus-java-api:1.1.1=compileClasspath,productionRuntimeClasspath,runtimeClasspath,testCompileClasspath,testRuntimeClasspath
club.minnced:opus-java-natives:1.1.1=compileClasspath,productionRuntimeClasspath,runtimeClasspath,testCompileClasspath,testRuntimeClasspath
club.minnced:opus-java:1.1.1=compileClasspath,productionRuntimeClasspath,runtimeClasspath,testCompileClasspath,testRuntimeClasspath
com.fasterxml.jackson.core:jackson-annotations:2.20=productionRuntimeClasspath,runtimeClasspath,testRuntimeClasspath
com.fasterxml.jackson.core:jackson-core:2.20.2=productionRuntimeClasspath,runtimeClasspath,testRuntimeClasspath
com.fasterxml.jackson.core:jackson-databind:2.20.2=productionRuntimeClasspath,runtimeClasspath,testRuntimeClasspath
com.fasterxml.jackson:jackson-bom:2.20.2=productionRuntimeClasspath,runtimeClasspath,testRuntimeClasspath
com.fasterxml:classmate:1.7.3=productionRuntimeClasspath,runtimeClasspath,testRuntimeClasspath
com.github.ben-manes.caffeine:caffeine:3.2.3=compileClasspath,productionRuntimeClasspath,runtimeClasspath,testCompileClasspath,testRuntimeClasspath
com.google.code.findbugs:jsr305:3.0.2=compileClasspath,productionRuntimeClasspath,runtimeClasspath,testRuntimeClasspath
com.google.code.gson:gson:2.13.2=productionRuntimeClasspath,runtimeClasspath,testRuntimeClasspath
com.google.crypto.tink:tink:1.18.0=productionRuntimeClasspath,runtimeClasspath,testRuntimeClasspath
com.google.errorprone:error_prone_annotations:2.43.0=compileClasspath,productionRuntimeClasspath,runtimeClasspath,testCompileClasspath,testRuntimeClasspath
com.google.protobuf:protobuf-java:4.28.2=productionRuntimeClasspath,runtimeClasspath,testRuntimeClasspath
com.neovisionaries:nv-websocket-client:2.14=compileClasspath,productionRuntimeClasspath,runtimeClasspath,testCompileClasspath,testRuntimeClasspath
com.squareup.okhttp3:okhttp-jvm:5.3.2=compileClasspath,productionRuntimeClasspath,runtimeClasspath,testCompileClasspath,testRuntimeClasspath
com.squareup.okio:okio-jvm:3.16.4=compileClasspath,productionRuntimeClasspath,runtimeClasspath,testCompileClasspath,testRuntimeClasspath
com.squareup.okio:okio:3.16.4=compileClasspath,productionRuntimeClasspath,runtimeClasspath,testCompileClasspath,testRuntimeClasspath
com.sun.istack:istack-commons-runtime:4.1.2=productionRuntimeClasspath,runtimeClasspath,testRuntimeClasspath
com.zaxxer:HikariCP:7.0.2=compileClasspath,productionRuntimeClasspath,runtimeClasspath,testCompileClasspath,testRuntimeClasspath
commons-logging:commons-logging:1.3.5=compileClasspath,productionRuntimeClasspath,runtimeClasspath,testCompileClasspath,testRuntimeClasspath
io.micrometer:micrometer-commons:1.16.2=compileClasspath,productionRuntimeClasspath,runtimeClasspath,testCompileClasspath,testRuntimeClasspath
io.micrometer:micrometer-observation:1.16.2=compileClasspath,productionRuntimeClasspath,runtimeClasspath,testCompileClasspath,testRuntimeClasspath
io.sentry:sentry-logback:8.31.0=compileClasspath,productionRuntimeClasspath,runtimeClasspath,testCompileClasspath,testRuntimeClasspath
io.sentry:sentry-reactor:8.31.0=compileClasspath,productionRuntimeClasspath,runtimeClasspath,testCompileClasspath,testRuntimeClasspath
io.sentry:sentry-spring-7:8.31.0=compileClasspath,productionRuntimeClasspath,runtimeClasspath,testCompileClasspath,testRuntimeClasspath
io.sentry:sentry-spring-boot-4-starter:8.31.0=compileClasspath,productionRuntimeClasspath,runtimeClasspath,testCompileClasspath,testRuntimeClasspath
io.sentry:sentry-spring-boot-4:8.31.0=compileClasspath,productionRuntimeClasspath,runtimeClasspath,testCompileClasspath,testRuntimeClasspath
io.sentry:sentry:8.31.0=compileClasspath,productionRuntimeClasspath,runtimeClasspath,testCompileClasspath,testRuntimeClasspath
jakarta.activation:jakarta.activation-api:2.1.4=productionRuntimeClasspath,runtimeClasspath,testRuntimeClasspath
jakarta.annotation:jakarta.annotation-api:3.0.0=compileClasspath,productionRuntimeClasspath,runtimeClasspath,testCompileClasspath,testRuntimeClasspath
jakarta.inject:jakarta.inject-api:2.0.1=productionRuntimeClasspath,runtimeClasspath,testRuntimeClasspath
jakarta.persistence:jakarta.persistence-api:3.2.0=compileClasspath,productionRuntimeClasspath,runtimeClasspath,testCompileClasspath,testRuntimeClasspath
jakarta.transaction:jakarta.transaction-api:2.0.1=compileClasspath,productionRuntimeClasspath,runtimeClasspath,testCompileClasspath,testRuntimeClasspath
jakarta.xml.bind:jakarta.xml.bind-api:4.0.4=productionRuntimeClasspath,runtimeClasspath,testRuntimeClasspath
net.bytebuddy:byte-buddy:1.17.8=productionRuntimeClasspath,runtimeClasspath,testRuntimeClasspath
net.dv8tion:JDA:6.3.0=compileClasspath,productionRuntimeClasspath,runtimeClasspath,testCompileClasspath,testRuntimeClasspath
net.java.dev.jna:jna:4.4.0=productionRuntimeClasspath,runtimeClasspath,testRuntimeClasspath
net.sf.trove4j:core:3.1.0=productionRuntimeClasspath,runtimeClasspath,testRuntimeClasspath
org.antlr:antlr4-runtime:4.13.2=compileClasspath,productionRuntimeClasspath,runtimeClasspath,testCompileClasspath,testRuntimeClasspath
org.apache.commons:commons-collections4:4.5.0=compileClasspath,productionRuntimeClasspath,runtimeClasspath,testCompileClasspath,testRuntimeClasspath
org.apache.logging.log4j:log4j-api:2.25.3=compileClasspath,productionRuntimeClasspath,runtimeClasspath,testCompileClasspath,testRuntimeClasspath
org.apache.logging.log4j:log4j-to-slf4j:2.25.3=compileClasspath,productionRuntimeClasspath,runtimeClasspath,testCompileClasspath,testRuntimeClasspath
org.aspectj:aspectjweaver:1.9.25.1=compileClasspath,productionRuntimeClasspath,runtimeClasspath,testCompileClasspath,testRuntimeClasspath
org.checkerframework:checker-qual:3.52.0=productionRuntimeClasspath,runtimeClasspath,testRuntimeClasspath
org.eclipse.angus:angus-activation:2.0.3=productionRuntimeClasspath,runtimeClasspath,testRuntimeClasspath
org.glassfish.jaxb:jaxb-core:4.0.6=productionRuntimeClasspath,runtimeClasspath,testRuntimeClasspath
org.glassfish.jaxb:jaxb-runtime:4.0.6=productionRuntimeClasspath,runtimeClasspath,testRuntimeClasspath
org.glassfish.jaxb:txw2:4.0.6=productionRuntimeClasspath,runtimeClasspath,testRuntimeClasspath
org.hibernate.models:hibernate-models:1.0.1=productionRuntimeClasspath,runtimeClasspath,testRuntimeClasspath
org.hibernate.orm:hibernate-core:7.2.1.Final=compileClasspath,productionRuntimeClasspath,runtimeClasspath,testCompileClasspath,testRuntimeClasspath
org.jboss.logging:jboss-logging:3.6.1.Final=productionRuntimeClasspath,runtimeClasspath,testRuntimeClasspath
org.jetbrains.kotlin:kotlin-stdlib:2.2.21=compileClasspath,productionRuntimeClasspath,runtimeClasspath,testCompileClasspath,testRuntimeClasspath
org.jetbrains:annotations:13.0=compileClasspath,productionRuntimeClasspath,runtimeClasspath,testCompileClasspath,testRuntimeClasspath
org.jspecify:jspecify:1.0.0=compileClasspath,productionRuntimeClasspath,runtimeClasspath,testCompileClasspath,testRuntimeClasspath
org.osgi:org.osgi.annotation.bundle:2.0.0=compileClasspath,testCompileClasspath
org.osgi:org.osgi.annotation.versioning:1.1.2=compileClasspath,testCompileClasspath
org.osgi:org.osgi.resource:1.0.0=compileClasspath,testCompileClasspath
org.osgi:org.osgi.service.serviceloader:1.0.0=compileClasspath,testCompileClasspath
org.postgresql:postgresql:42.7.9=productionRuntimeClasspath,runtimeClasspath,testRuntimeClasspath
org.slf4j:jul-to-slf4j:2.0.17=compileClasspath,productionRuntimeClasspath,runtimeClasspath,testCompileClasspath,testRuntimeClasspath
org.slf4j:slf4j-api:2.0.17=compileClasspath,productionRuntimeClasspath,runtimeClasspath,testCompileClasspath,testRuntimeClasspath
org.springframework.boot:spring-boot-autoconfigure:4.0.2=compileClasspath,productionRuntimeClasspath,runtimeClasspath,testCompileClasspath,testRuntimeClasspath
org.springframework.boot:spring-boot-data-commons:4.0.2=compileClasspath,productionRuntimeClasspath,runtimeClasspath,testCompileClasspath,testRuntimeClasspath
org.springframework.boot:spring-boot-data-jpa:4.0.2=compileClasspath,productionRuntimeClasspath,runtimeClasspath,testCompileClasspath,testRuntimeClasspath
org.springframework.boot:spring-boot-dependencies:4.0.2=compileClasspath,productionRuntimeClasspath,runtimeClasspath,testCompileClasspath,testRuntimeClasspath
org.springframework.boot:spring-boot-hibernate:4.0.2=compileClasspath,productionRuntimeClasspath,runtimeClasspath,testCompileClasspath,testRuntimeClasspath
org.springframework.boot:spring-boot-jdbc:4.0.2=compileClasspath,productionRuntimeClasspath,runtimeClasspath,testCompileClasspath,testRuntimeClasspath
org.springframework.boot:spring-boot-jpa:4.0.2=compileClasspath,productionRuntimeClasspath,runtimeClasspath,testCompileClasspath,testRuntimeClasspath
org.springframework.boot:spring-boot-persistence:4.0.2=compileClasspath,productionRuntimeClasspath,runtimeClasspath,testCompileClasspath,testRuntimeClasspath
org.springframework.boot:spring-boot-sql:4.0.2=compileClasspath,productionRuntimeClasspath,runtimeClasspath,testCompileClasspath,testRuntimeClasspath
org.springframework.boot:spring-boot-starter-data-jpa:4.0.2=compileClasspath,productionRuntimeClasspath,runtimeClasspath,testCompileClasspath,testRuntimeClasspath
org.springframework.boot:spring-boot-starter-jdbc:4.0.2=compileClasspath,productionRuntimeClasspath,runtimeClasspath,testCompileClasspath,testRuntimeClasspath
org.springframework.boot:spring-boot-starter-logging:4.0.2=compileClasspath,productionRuntimeClasspath,runtimeClasspath,testCompileClasspath,testRuntimeClasspath
org.springframework.boot:spring-boot-starter:4.0.2=compileClasspath,productionRuntimeClasspath,runtimeClasspath,testCompileClasspath,testRuntimeClasspath
org.springframework.boot:spring-boot-transaction:4.0.2=compileClasspath,productionRuntimeClasspath,runtimeClasspath,testCompileClasspath,testRuntimeClasspath
org.springframework.boot:spring-boot:4.0.2=compileClasspath,productionRuntimeClasspath,runtimeClasspath,testCompileClasspath,testRuntimeClasspath
org.springframework.data:spring-data-commons:4.0.2=compileClasspath,productionRuntimeClasspath,runtimeClasspath,testCompileClasspath,testRuntimeClasspath
org.springframework.data:spring-data-jpa:4.0.2=compileClasspath,productionRuntimeClasspath,runtimeClasspath,testCompileClasspath,testRuntimeClasspath
org.springframework:spring-aop:7.0.3=compileClasspath,productionRuntimeClasspath,runtimeClasspath,testCompileClasspath,testRuntimeClasspath
org.springframework:spring-aspects:7.0.3=compileClasspath,productionRuntimeClasspath,runtimeClasspath,testCompileClasspath,testRuntimeClasspath
org.springframework:spring-beans:7.0.3=compileClasspath,productionRuntimeClasspath,runtimeClasspath,testCompileClasspath,testRuntimeClasspath
org.springframework:spring-context:7.0.3=compileClasspath,productionRuntimeClasspath,runtimeClasspath,testCompileClasspath,testRuntimeClasspath
org.springframework:spring-core:7.0.3=compileClasspath,productionRuntimeClasspath,runtimeClasspath,testCompileClasspath,testRuntimeClasspath
org.springframework:spring-expression:7.0.3=compileClasspath,productionRuntimeClasspath,runtimeClasspath,testCompileClasspath,testRuntimeClasspath
org.springframework:spring-jdbc:7.0.3=compileClasspath,productionRuntimeClasspath,runtimeClasspath,testCompileClasspath,testRuntimeClasspath
org.springframework:spring-orm:7.0.3=compileClasspath,productionRuntimeClasspath,runtimeClasspath,testCompileClasspath,testRuntimeClasspath
org.springframework:spring-tx:7.0.3=compileClasspath,productionRuntimeClasspath,runtimeClasspath,testCompileClasspath,testRuntimeClasspath
org.yaml:snakeyaml:2.5=compileClasspath,productionRuntimeClasspath,runtimeClasspath,testCompileClasspath,testRuntimeClasspath
empty=annotationProcessor,developmentOnly,testAndDevelopmentOnly,testAnnotationProcessor
